// !$*UTF8*$!
{
	archiveVersion = 1;
	classes = {
	};
	objectVersion = 55;
	objects = {

/* Begin PBXBuildFile section */
		4132CD472858F8CE006D2609 /* AppDelegate.swift in Sources */ = {isa = PBXBuildFile; fileRef = 4132CD462858F8CE006D2609 /* AppDelegate.swift */; };
		4132CD492858F8CE006D2609 /* SceneDelegate.swift in Sources */ = {isa = PBXBuildFile; fileRef = 4132CD482858F8CE006D2609 /* SceneDelegate.swift */; };
		4132CD4B2858F8CE006D2609 /* ViewController.swift in Sources */ = {isa = PBXBuildFile; fileRef = 4132CD4A2858F8CE006D2609 /* ViewController.swift */; };
		4132CD4E2858F8CE006D2609 /* Main.storyboard in Resources */ = {isa = PBXBuildFile; fileRef = 4132CD4C2858F8CE006D2609 /* Main.storyboard */; };
		4132CD512858F8CE006D2609 /* TuneZone_App.xcdatamodeld in Sources */ = {isa = PBXBuildFile; fileRef = 4132CD4F2858F8CE006D2609 /* TuneZone_App.xcdatamodeld */; };
		4132CD532858F8D0006D2609 /* Assets.xcassets in Resources */ = {isa = PBXBuildFile; fileRef = 4132CD522858F8D0006D2609 /* Assets.xcassets */; };
		4132CD562858F8D0006D2609 /* LaunchScreen.storyboard in Resources */ = {isa = PBXBuildFile; fileRef = 4132CD542858F8D0006D2609 /* LaunchScreen.storyboard */; };
		4132CD612858F8D1006D2609 /* TuneZone_AppTests.swift in Sources */ = {isa = PBXBuildFile; fileRef = 4132CD602858F8D1006D2609 /* TuneZone_AppTests.swift */; };
		4132CD6B2858F8D1006D2609 /* TuneZone_AppUITests.swift in Sources */ = {isa = PBXBuildFile; fileRef = 4132CD6A2858F8D1006D2609 /* TuneZone_AppUITests.swift */; };
		4132CD6D2858F8D1006D2609 /* TuneZone_AppUITestsLaunchTests.swift in Sources */ = {isa = PBXBuildFile; fileRef = 4132CD6C2858F8D1006D2609 /* TuneZone_AppUITestsLaunchTests.swift */; };
		4132CD82285CCEE4006D2609 /* PlaylistViewController.swift in Sources */ = {isa = PBXBuildFile; fileRef = 4132CD81285CCEE4006D2609 /* PlaylistViewController.swift */; };
		4C6C6743285A683800C9785A /* viewcontrollerP1.swift in Sources */ = {isa = PBXBuildFile; fileRef = 4C6C6742285A683800C9785A /* viewcontrollerP1.swift */; };
		4C6C6745285A68A100C9785A /* ViewControllerP.swift in Sources */ = {isa = PBXBuildFile; fileRef = 4C6C6744285A68A100C9785A /* ViewControllerP.swift */; };
		4C6C6747285A6C0900C9785A /* ViewControllerM1.swift in Sources */ = {isa = PBXBuildFile; fileRef = 4C6C6746285A6C0800C9785A /* ViewControllerM1.swift */; };
/* End PBXBuildFile section */

/* Begin PBXContainerItemProxy section */
		4132CD5D2858F8D1006D2609 /* PBXContainerItemProxy */ = {
			isa = PBXContainerItemProxy;
			containerPortal = 4132CD3B2858F8CE006D2609 /* Project object */;
			proxyType = 1;
			remoteGlobalIDString = 4132CD422858F8CE006D2609;
			remoteInfo = "TuneZone App";
		};
		4132CD672858F8D1006D2609 /* PBXContainerItemProxy */ = {
			isa = PBXContainerItemProxy;
			containerPortal = 4132CD3B2858F8CE006D2609 /* Project object */;
			proxyType = 1;
			remoteGlobalIDString = 4132CD422858F8CE006D2609;
			remoteInfo = "TuneZone App";
		};
/* End PBXContainerItemProxy section */

/* Begin PBXFileReference section */
		4132CD432858F8CE006D2609 /* TuneZone App.app */ = {isa = PBXFileReference; explicitFileType = wrapper.application; includeInIndex = 0; path = "TuneZone App.app"; sourceTree = BUILT_PRODUCTS_DIR; };
		4132CD462858F8CE006D2609 /* AppDelegate.swift */ = {isa = PBXFileReference; lastKnownFileType = sourcecode.swift; path = AppDelegate.swift; sourceTree = "<group>"; };
		4132CD482858F8CE006D2609 /* SceneDelegate.swift */ = {isa = PBXFileReference; lastKnownFileType = sourcecode.swift; path = SceneDelegate.swift; sourceTree = "<group>"; };
		4132CD4A2858F8CE006D2609 /* ViewController.swift */ = {isa = PBXFileReference; lastKnownFileType = sourcecode.swift; path = ViewController.swift; sourceTree = "<group>"; };
		4132CD4D2858F8CE006D2609 /* Base */ = {isa = PBXFileReference; lastKnownFileType = file.storyboard; name = Base; path = Base.lproj/Main.storyboard; sourceTree = "<group>"; };
		4132CD502858F8CE006D2609 /* TuneZone_App.xcdatamodel */ = {isa = PBXFileReference; lastKnownFileType = wrapper.xcdatamodel; path = TuneZone_App.xcdatamodel; sourceTree = "<group>"; };
		4132CD522858F8D0006D2609 /* Assets.xcassets */ = {isa = PBXFileReference; lastKnownFileType = folder.assetcatalog; path = Assets.xcassets; sourceTree = "<group>"; };
		4132CD552858F8D0006D2609 /* Base */ = {isa = PBXFileReference; lastKnownFileType = file.storyboard; name = Base; path = Base.lproj/LaunchScreen.storyboard; sourceTree = "<group>"; };
		4132CD572858F8D0006D2609 /* Info.plist */ = {isa = PBXFileReference; lastKnownFileType = text.plist.xml; path = Info.plist; sourceTree = "<group>"; };
		4132CD5C2858F8D1006D2609 /* TuneZone AppTests.xctest */ = {isa = PBXFileReference; explicitFileType = wrapper.cfbundle; includeInIndex = 0; path = "TuneZone AppTests.xctest"; sourceTree = BUILT_PRODUCTS_DIR; };
		4132CD602858F8D1006D2609 /* TuneZone_AppTests.swift */ = {isa = PBXFileReference; lastKnownFileType = sourcecode.swift; path = TuneZone_AppTests.swift; sourceTree = "<group>"; };
		4132CD662858F8D1006D2609 /* TuneZone AppUITests.xctest */ = {isa = PBXFileReference; explicitFileType = wrapper.cfbundle; includeInIndex = 0; path = "TuneZone AppUITests.xctest"; sourceTree = BUILT_PRODUCTS_DIR; };
		4132CD6A2858F8D1006D2609 /* TuneZone_AppUITests.swift */ = {isa = PBXFileReference; lastKnownFileType = sourcecode.swift; path = TuneZone_AppUITests.swift; sourceTree = "<group>"; };
		4132CD6C2858F8D1006D2609 /* TuneZone_AppUITestsLaunchTests.swift */ = {isa = PBXFileReference; lastKnownFileType = sourcecode.swift; path = TuneZone_AppUITestsLaunchTests.swift; sourceTree = "<group>"; };
		4132CD81285CCEE4006D2609 /* PlaylistViewController.swift */ = {isa = PBXFileReference; lastKnownFileType = sourcecode.swift; path = PlaylistViewController.swift; sourceTree = "<group>"; };
		4C6C6742285A683800C9785A /* viewcontrollerP1.swift */ = {isa = PBXFileReference; lastKnownFileType = sourcecode.swift; path = viewcontrollerP1.swift; sourceTree = "<group>"; };
		4C6C6744285A68A100C9785A /* ViewControllerP.swift */ = {isa = PBXFileReference; lastKnownFileType = sourcecode.swift; path = ViewControllerP.swift; sourceTree = "<group>"; };
		4C6C6746285A6C0800C9785A /* ViewControllerM1.swift */ = {isa = PBXFileReference; lastKnownFileType = sourcecode.swift; path = ViewControllerM1.swift; sourceTree = "<group>"; };
/* End PBXFileReference section */

/* Begin PBXFrameworksBuildPhase section */
		4132CD402858F8CE006D2609 /* Frameworks */ = {
			isa = PBXFrameworksBuildPhase;
			buildActionMask = 2147483647;
			files = (
			);
			runOnlyForDeploymentPostprocessing = 0;
		};
		4132CD592858F8D0006D2609 /* Frameworks */ = {
			isa = PBXFrameworksBuildPhase;
			buildActionMask = 2147483647;
			files = (
			);
			runOnlyForDeploymentPostprocessing = 0;
		};
		4132CD632858F8D1006D2609 /* Frameworks */ = {
			isa = PBXFrameworksBuildPhase;
			buildActionMask = 2147483647;
			files = (
			);
			runOnlyForDeploymentPostprocessing = 0;
		};
/* End PBXFrameworksBuildPhase section */

/* Begin PBXGroup section */
		4132CD3A2858F8CE006D2609 = {
			isa = PBXGroup;
			children = (
				4C6C6746285A6C0800C9785A /* ViewControllerM1.swift */,
				4C6C6744285A68A100C9785A /* ViewControllerP.swift */,
				4C6C6742285A683800C9785A /* viewcontrollerP1.swift */,
				4132CD452858F8CE006D2609 /* TuneZone App */,
				4132CD5F2858F8D1006D2609 /* TuneZone AppTests */,
				4132CD692858F8D1006D2609 /* TuneZone AppUITests */,
				4132CD442858F8CE006D2609 /* Products */,
			);
			sourceTree = "<group>";
		};
		4132CD442858F8CE006D2609 /* Products */ = {
			isa = PBXGroup;
			children = (
				4132CD432858F8CE006D2609 /* TuneZone App.app */,
				4132CD5C2858F8D1006D2609 /* TuneZone AppTests.xctest */,
				4132CD662858F8D1006D2609 /* TuneZone AppUITests.xctest */,
			);
			name = Products;
			sourceTree = "<group>";
		};
		4132CD452858F8CE006D2609 /* TuneZone App */ = {
			isa = PBXGroup;
			children = (
				4132CD462858F8CE006D2609 /* AppDelegate.swift */,
				4132CD482858F8CE006D2609 /* SceneDelegate.swift */,
				4132CD4A2858F8CE006D2609 /* ViewController.swift */,
				4132CD4C2858F8CE006D2609 /* Main.storyboard */,
				4132CD81285CCEE4006D2609 /* PlaylistViewController.swift */,
				4132CD522858F8D0006D2609 /* Assets.xcassets */,
				4132CD542858F8D0006D2609 /* LaunchScreen.storyboard */,
				4132CD572858F8D0006D2609 /* Info.plist */,
				4132CD4F2858F8CE006D2609 /* TuneZone_App.xcdatamodeld */,
			);
			path = "TuneZone App";
			sourceTree = "<group>";
		};
		4132CD5F2858F8D1006D2609 /* TuneZone AppTests */ = {
			isa = PBXGroup;
			children = (
				4132CD602858F8D1006D2609 /* TuneZone_AppTests.swift */,
			);
			path = "TuneZone AppTests";
			sourceTree = "<group>";
		};
		4132CD692858F8D1006D2609 /* TuneZone AppUITests */ = {
			isa = PBXGroup;
			children = (
				4132CD6A2858F8D1006D2609 /* TuneZone_AppUITests.swift */,
				4132CD6C2858F8D1006D2609 /* TuneZone_AppUITestsLaunchTests.swift */,
			);
			path = "TuneZone AppUITests";
			sourceTree = "<group>";
		};
/* End PBXGroup section */

/* Begin PBXNativeTarget section */
		4132CD422858F8CE006D2609 /* TuneZone App */ = {
			isa = PBXNativeTarget;
			buildConfigurationList = 4132CD702858F8D1006D2609 /* Build configuration list for PBXNativeTarget "TuneZone App" */;
			buildPhases = (
				4132CD3F2858F8CE006D2609 /* Sources */,
				4132CD402858F8CE006D2609 /* Frameworks */,
				4132CD412858F8CE006D2609 /* Resources */,
			);
			buildRules = (
			);
			dependencies = (
			);
			name = "TuneZone App";
			productName = "TuneZone App";
			productReference = 4132CD432858F8CE006D2609 /* TuneZone App.app */;
			productType = "com.apple.product-type.application";
		};
		4132CD5B2858F8D0006D2609 /* TuneZone AppTests */ = {
			isa = PBXNativeTarget;
			buildConfigurationList = 4132CD732858F8D1006D2609 /* Build configuration list for PBXNativeTarget "TuneZone AppTests" */;
			buildPhases = (
				4132CD582858F8D0006D2609 /* Sources */,
				4132CD592858F8D0006D2609 /* Frameworks */,
				4132CD5A2858F8D0006D2609 /* Resources */,
			);
			buildRules = (
			);
			dependencies = (
				4132CD5E2858F8D1006D2609 /* PBXTargetDependency */,
			);
			name = "TuneZone AppTests";
			productName = "TuneZone AppTests";
			productReference = 4132CD5C2858F8D1006D2609 /* TuneZone AppTests.xctest */;
			productType = "com.apple.product-type.bundle.unit-test";
		};
		4132CD652858F8D1006D2609 /* TuneZone AppUITests */ = {
			isa = PBXNativeTarget;
			buildConfigurationList = 4132CD762858F8D1006D2609 /* Build configuration list for PBXNativeTarget "TuneZone AppUITests" */;
			buildPhases = (
				4132CD622858F8D1006D2609 /* Sources */,
				4132CD632858F8D1006D2609 /* Frameworks */,
				4132CD642858F8D1006D2609 /* Resources */,
			);
			buildRules = (
			);
			dependencies = (
				4132CD682858F8D1006D2609 /* PBXTargetDependency */,
			);
			name = "TuneZone AppUITests";
			productName = "TuneZone AppUITests";
			productReference = 4132CD662858F8D1006D2609 /* TuneZone AppUITests.xctest */;
			productType = "com.apple.product-type.bundle.ui-testing";
		};
/* End PBXNativeTarget section */

/* Begin PBXProject section */
		4132CD3B2858F8CE006D2609 /* Project object */ = {
			isa = PBXProject;
			attributes = {
				BuildIndependentTargetsInParallel = 1;
				LastSwiftUpdateCheck = 1340;
				LastUpgradeCheck = 1340;
				TargetAttributes = {
					4132CD422858F8CE006D2609 = {
						CreatedOnToolsVersion = 13.4.1;
					};
					4132CD5B2858F8D0006D2609 = {
						CreatedOnToolsVersion = 13.4.1;
						TestTargetID = 4132CD422858F8CE006D2609;
					};
					4132CD652858F8D1006D2609 = {
						CreatedOnToolsVersion = 13.4.1;
						TestTargetID = 4132CD422858F8CE006D2609;
					};
				};
			};
			buildConfigurationList = 4132CD3E2858F8CE006D2609 /* Build configuration list for PBXProject "TuneZone App" */;
			compatibilityVersion = "Xcode 13.0";
			developmentRegion = en;
			hasScannedForEncodings = 0;
			knownRegions = (
				en,
				Base,
			);
			mainGroup = 4132CD3A2858F8CE006D2609;
			productRefGroup = 4132CD442858F8CE006D2609 /* Products */;
			projectDirPath = "";
			projectRoot = "";
			targets = (
				4132CD422858F8CE006D2609 /* TuneZone App */,
				4132CD5B2858F8D0006D2609 /* TuneZone AppTests */,
				4132CD652858F8D1006D2609 /* TuneZone AppUITests */,
			);
		};
/* End PBXProject section */

/* Begin PBXResourcesBuildPhase section */
		4132CD412858F8CE006D2609 /* Resources */ = {
			isa = PBXResourcesBuildPhase;
			buildActionMask = 2147483647;
			files = (
				4132CD562858F8D0006D2609 /* LaunchScreen.storyboard in Resources */,
				4132CD532858F8D0006D2609 /* Assets.xcassets in Resources */,
				4132CD4E2858F8CE006D2609 /* Main.storyboard in Resources */,
			);
			runOnlyForDeploymentPostprocessing = 0;
		};
		4132CD5A2858F8D0006D2609 /* Resources */ = {
			isa = PBXResourcesBuildPhase;
			buildActionMask = 2147483647;
			files = (
			);
			runOnlyForDeploymentPostprocessing = 0;
		};
		4132CD642858F8D1006D2609 /* Resources */ = {
			isa = PBXResourcesBuildPhase;
			buildActionMask = 2147483647;
			files = (
			);
			runOnlyForDeploymentPostprocessing = 0;
		};
/* End PBXResourcesBuildPhase section */

/* Begin PBXSourcesBuildPhase section */
		4132CD3F2858F8CE006D2609 /* Sources */ = {
			isa = PBXSourcesBuildPhase;
			buildActionMask = 2147483647;
			files = (
				4132CD82285CCEE4006D2609 /* PlaylistViewController.swift in Sources */,
				4C6C6743285A683800C9785A /* viewcontrollerP1.swift in Sources */,
				4C6C6747285A6C0900C9785A /* ViewControllerM1.swift in Sources */,
				4132CD4B2858F8CE006D2609 /* ViewController.swift in Sources */,
				4132CD512858F8CE006D2609 /* TuneZone_App.xcdatamodeld in Sources */,
				4132CD472858F8CE006D2609 /* AppDelegate.swift in Sources */,
				4132CD492858F8CE006D2609 /* SceneDelegate.swift in Sources */,
				4C6C6745285A68A100C9785A /* ViewControllerP.swift in Sources */,
			);
			runOnlyForDeploymentPostprocessing = 0;
		};
		4132CD582858F8D0006D2609 /* Sources */ = {
			isa = PBXSourcesBuildPhase;
			buildActionMask = 2147483647;
			files = (
				4132CD612858F8D1006D2609 /* TuneZone_AppTests.swift in Sources */,
			);
			runOnlyForDeploymentPostprocessing = 0;
		};
		4132CD622858F8D1006D2609 /* Sources */ = {
			isa = PBXSourcesBuildPhase;
			buildActionMask = 2147483647;
			files = (
				4132CD6D2858F8D1006D2609 /* TuneZone_AppUITestsLaunchTests.swift in Sources */,
				4132CD6B2858F8D1006D2609 /* TuneZone_AppUITests.swift in Sources */,
			);
			runOnlyForDeploymentPostprocessing = 0;
		};
/* End PBXSourcesBuildPhase section */

/* Begin PBXTargetDependency section */
		4132CD5E2858F8D1006D2609 /* PBXTargetDependency */ = {
			isa = PBXTargetDependency;
			target = 4132CD422858F8CE006D2609 /* TuneZone App */;
			targetProxy = 4132CD5D2858F8D1006D2609 /* PBXContainerItemProxy */;
		};
		4132CD682858F8D1006D2609 /* PBXTargetDependency */ = {
			isa = PBXTargetDependency;
			target = 4132CD422858F8CE006D2609 /* TuneZone App */;
			targetProxy = 4132CD672858F8D1006D2609 /* PBXContainerItemProxy */;
		};
/* End PBXTargetDependency section */

/* Begin PBXVariantGroup section */
		4132CD4C2858F8CE006D2609 /* Main.storyboard */ = {
			isa = PBXVariantGroup;
			children = (
				4132CD4D2858F8CE006D2609 /* Base */,
			);
			name = Main.storyboard;
			sourceTree = "<group>";
		};
		4132CD542858F8D0006D2609 /* LaunchScreen.storyboard */ = {
			isa = PBXVariantGroup;
			children = (
				4132CD552858F8D0006D2609 /* Base */,
			);
			name = LaunchScreen.storyboard;
			sourceTree = "<group>";
		};
/* End PBXVariantGroup section */

/* Begin XCBuildConfiguration section */
		4132CD6E2858F8D1006D2609 /* Debug */ = {
			isa = XCBuildConfiguration;
			buildSettings = {
				ALWAYS_SEARCH_USER_PATHS = NO;
				CLANG_ANALYZER_NONNULL = YES;
				CLANG_ANALYZER_NUMBER_OBJECT_CONVERSION = YES_AGGRESSIVE;
				CLANG_CXX_LANGUAGE_STANDARD = "gnu++17";
				CLANG_ENABLE_MODULES = YES;
				CLANG_ENABLE_OBJC_ARC = YES;
				CLANG_ENABLE_OBJC_WEAK = YES;
				CLANG_WARN_BLOCK_CAPTURE_AUTORELEASING = YES;
				CLANG_WARN_BOOL_CONVERSION = YES;
				CLANG_WARN_COMMA = YES;
				CLANG_WARN_CONSTANT_CONVERSION = YES;
				CLANG_WARN_DEPRECATED_OBJC_IMPLEMENTATIONS = YES;
				CLANG_WARN_DIRECT_OBJC_ISA_USAGE = YES_ERROR;
				CLANG_WARN_DOCUMENTATION_COMMENTS = YES;
				CLANG_WARN_EMPTY_BODY = YES;
				CLANG_WARN_ENUM_CONVERSION = YES;
				CLANG_WARN_INFINITE_RECURSION = YES;
				CLANG_WARN_INT_CONVERSION = YES;
				CLANG_WARN_NON_LITERAL_NULL_CONVERSION = YES;
				CLANG_WARN_OBJC_IMPLICIT_RETAIN_SELF = YES;
				CLANG_WARN_OBJC_LITERAL_CONVERSION = YES;
				CLANG_WARN_OBJC_ROOT_CLASS = YES_ERROR;
				CLANG_WARN_QUOTED_INCLUDE_IN_FRAMEWORK_HEADER = YES;
				CLANG_WARN_RANGE_LOOP_ANALYSIS = YES;
				CLANG_WARN_STRICT_PROTOTYPES = YES;
				CLANG_WARN_SUSPICIOUS_MOVE = YES;
				CLANG_WARN_UNGUARDED_AVAILABILITY = YES_AGGRESSIVE;
				CLANG_WARN_UNREACHABLE_CODE = YES;
				CLANG_WARN__DUPLICATE_METHOD_MATCH = YES;
				COPY_PHASE_STRIP = NO;
				DEBUG_INFORMATION_FORMAT = dwarf;
				ENABLE_STRICT_OBJC_MSGSEND = YES;
				ENABLE_TESTABILITY = YES;
				GCC_C_LANGUAGE_STANDARD = gnu11;
				GCC_DYNAMIC_NO_PIC = NO;
				GCC_NO_COMMON_BLOCKS = YES;
				GCC_OPTIMIZATION_LEVEL = 0;
				GCC_PREPROCESSOR_DEFINITIONS = (
					"DEBUG=1",
					"$(inherited)",
				);
				GCC_WARN_64_TO_32_BIT_CONVERSION = YES;
				GCC_WARN_ABOUT_RETURN_TYPE = YES_ERROR;
				GCC_WARN_UNDECLARED_SELECTOR = YES;
				GCC_WARN_UNINITIALIZED_AUTOS = YES_AGGRESSIVE;
				GCC_WARN_UNUSED_FUNCTION = YES;
				GCC_WARN_UNUSED_VARIABLE = YES;
				IPHONEOS_DEPLOYMENT_TARGET = 15.5;
				MTL_ENABLE_DEBUG_INFO = INCLUDE_SOURCE;
				MTL_FAST_MATH = YES;
				ONLY_ACTIVE_ARCH = YES;
				SDKROOT = iphoneos;
				SWIFT_ACTIVE_COMPILATION_CONDITIONS = DEBUG;
				SWIFT_OPTIMIZATION_LEVEL = "-Onone";
			};
			name = Debug;
		};
		4132CD6F2858F8D1006D2609 /* Release */ = {
			isa = XCBuildConfiguration;
			buildSettings = {
				ALWAYS_SEARCH_USER_PATHS = NO;
				CLANG_ANALYZER_NONNULL = YES;
				CLANG_ANALYZER_NUMBER_OBJECT_CONVERSION = YES_AGGRESSIVE;
				CLANG_CXX_LANGUAGE_STANDARD = "gnu++17";
				CLANG_ENABLE_MODULES = YES;
				CLANG_ENABLE_OBJC_ARC = YES;
				CLANG_ENABLE_OBJC_WEAK = YES;
				CLANG_WARN_BLOCK_CAPTURE_AUTORELEASING = YES;
				CLANG_WARN_BOOL_CONVERSION = YES;
				CLANG_WARN_COMMA = YES;
				CLANG_WARN_CONSTANT_CONVERSION = YES;
				CLANG_WARN_DEPRECATED_OBJC_IMPLEMENTATIONS = YES;
				CLANG_WARN_DIRECT_OBJC_ISA_USAGE = YES_ERROR;
				CLANG_WARN_DOCUMENTATION_COMMENTS = YES;
				CLANG_WARN_EMPTY_BODY = YES;
				CLANG_WARN_ENUM_CONVERSION = YES;
				CLANG_WARN_INFINITE_RECURSION = YES;
				CLANG_WARN_INT_CONVERSION = YES;
				CLANG_WARN_NON_LITERAL_NULL_CONVERSION = YES;
				CLANG_WARN_OBJC_IMPLICIT_RETAIN_SELF = YES;
				CLANG_WARN_OBJC_LITERAL_CONVERSION = YES;
				CLANG_WARN_OBJC_ROOT_CLASS = YES_ERROR;
				CLANG_WARN_QUOTED_INCLUDE_IN_FRAMEWORK_HEADER = YES;
				CLANG_WARN_RANGE_LOOP_ANALYSIS = YES;
				CLANG_WARN_STRICT_PROTOTYPES = YES;
				CLANG_WARN_SUSPICIOUS_MOVE = YES;
				CLANG_WARN_UNGUARDED_AVAILABILITY = YES_AGGRESSIVE;
				CLANG_WARN_UNREACHABLE_CODE = YES;
				CLANG_WARN__DUPLICATE_METHOD_MATCH = YES;
				COPY_PHASE_STRIP = NO;
				DEBUG_INFORMATION_FORMAT = "dwarf-with-dsym";
				ENABLE_NS_ASSERTIONS = NO;
				ENABLE_STRICT_OBJC_MSGSEND = YES;
				GCC_C_LANGUAGE_STANDARD = gnu11;
				GCC_NO_COMMON_BLOCKS = YES;
				GCC_WARN_64_TO_32_BIT_CONVERSION = YES;
				GCC_WARN_ABOUT_RETURN_TYPE = YES_ERROR;
				GCC_WARN_UNDECLARED_SELECTOR = YES;
				GCC_WARN_UNINITIALIZED_AUTOS = YES_AGGRESSIVE;
				GCC_WARN_UNUSED_FUNCTION = YES;
				GCC_WARN_UNUSED_VARIABLE = YES;
				IPHONEOS_DEPLOYMENT_TARGET = 15.5;
				MTL_ENABLE_DEBUG_INFO = NO;
				MTL_FAST_MATH = YES;
				SDKROOT = iphoneos;
				SWIFT_COMPILATION_MODE = wholemodule;
				SWIFT_OPTIMIZATION_LEVEL = "-O";
				VALIDATE_PRODUCT = YES;
			};
			name = Release;
		};
		4132CD712858F8D1006D2609 /* Debug */ = {
			isa = XCBuildConfiguration;
			buildSettings = {
				ASSETCATALOG_COMPILER_APPICON_NAME = AppIcon;
				ASSETCATALOG_COMPILER_GLOBAL_ACCENT_COLOR_NAME = AccentColor;
				CODE_SIGN_STYLE = Automatic;
				CURRENT_PROJECT_VERSION = 1;
				GENERATE_INFOPLIST_FILE = YES;
				INFOPLIST_FILE = "TuneZone App/Info.plist";
				INFOPLIST_KEY_UIApplicationSupportsIndirectInputEvents = YES;
				INFOPLIST_KEY_UILaunchStoryboardName = LaunchScreen;
				INFOPLIST_KEY_UIMainStoryboardFile = Main;
				INFOPLIST_KEY_UISupportedInterfaceOrientations_iPad = "UIInterfaceOrientationPortrait UIInterfaceOrientationPortraitUpsideDown UIInterfaceOrientationLandscapeLeft UIInterfaceOrientationLandscapeRight";
				INFOPLIST_KEY_UISupportedInterfaceOrientations_iPhone = "UIInterfaceOrientationPortrait UIInterfaceOrientationLandscapeLeft UIInterfaceOrientationLandscapeRight";
				LD_RUNPATH_SEARCH_PATHS = (
					"$(inherited)",
					"@executable_path/Frameworks",
				);
				MARKETING_VERSION = 1.0;
				PRODUCT_BUNDLE_IDENTIFIER = "CarolLyu.TuneZone-App";
				PRODUCT_NAME = "$(TARGET_NAME)";
				SWIFT_EMIT_LOC_STRINGS = YES;
				SWIFT_VERSION = 5.0;
				TARGETED_DEVICE_FAMILY = "1,2";
			};
			name = Debug;
		};
		4132CD722858F8D1006D2609 /* Release */ = {
			isa = XCBuildConfiguration;
			buildSettings = {
				ASSETCATALOG_COMPILER_APPICON_NAME = AppIcon;
				ASSETCATALOG_COMPILER_GLOBAL_ACCENT_COLOR_NAME = AccentColor;
				CODE_SIGN_STYLE = Automatic;
				CURRENT_PROJECT_VERSION = 1;
				GENERATE_INFOPLIST_FILE = YES;
				INFOPLIST_FILE = "TuneZone App/Info.plist";
				INFOPLIST_KEY_UIApplicationSupportsIndirectInputEvents = YES;
				INFOPLIST_KEY_UILaunchStoryboardName = LaunchScreen;
				INFOPLIST_KEY_UIMainStoryboardFile = Main;
				INFOPLIST_KEY_UISupportedInterfaceOrientations_iPad = "UIInterfaceOrientationPortrait UIInterfaceOrientationPortraitUpsideDown UIInterfaceOrientationLandscapeLeft UIInterfaceOrientationLandscapeRight";
				INFOPLIST_KEY_UISupportedInterfaceOrientations_iPhone = "UIInterfaceOrientationPortrait UIInterfaceOrientationLandscapeLeft UIInterfaceOrientationLandscapeRight";
				LD_RUNPATH_SEARCH_PATHS = (
					"$(inherited)",
					"@executable_path/Frameworks",
				);
				MARKETING_VERSION = 1.0;
				PRODUCT_BUNDLE_IDENTIFIER = "CarolLyu.TuneZone-App";
				PRODUCT_NAME = "$(TARGET_NAME)";
				SWIFT_EMIT_LOC_STRINGS = YES;
				SWIFT_VERSION = 5.0;
				TARGETED_DEVICE_FAMILY = "1,2";
			};
			name = Release;
		};
		4132CD742858F8D1006D2609 /* Debug */ = {
			isa = XCBuildConfiguration;
			buildSettings = {
				ALWAYS_EMBED_SWIFT_STANDARD_LIBRARIES = YES;
				BUNDLE_LOADER = "$(TEST_HOST)";
				CODE_SIGN_STYLE = Automatic;
				CURRENT_PROJECT_VERSION = 1;
				GENERATE_INFOPLIST_FILE = YES;
				IPHONEOS_DEPLOYMENT_TARGET = 15.5;
				MARKETING_VERSION = 1.0;
				PRODUCT_BUNDLE_IDENTIFIER = "CarolLyu.TuneZone-AppTests";
				PRODUCT_NAME = "$(TARGET_NAME)";
				SWIFT_EMIT_LOC_STRINGS = NO;
				SWIFT_VERSION = 5.0;
				TARGETED_DEVICE_FAMILY = "1,2";
				TEST_HOST = "$(BUILT_PRODUCTS_DIR)/TuneZone App.app/TuneZone App";
			};
			name = Debug;
		};
		4132CD752858F8D1006D2609 /* Release */ = {
			isa = XCBuildConfiguration;
			buildSettings = {
				ALWAYS_EMBED_SWIFT_STANDARD_LIBRARIES = YES;
				BUNDLE_LOADER = "$(TEST_HOST)";
				CODE_SIGN_STYLE = Automatic;
				CURRENT_PROJECT_VERSION = 1;
				GENERATE_INFOPLIST_FILE = YES;
				IPHONEOS_DEPLOYMENT_TARGET = 15.5;
				MARKETING_VERSION = 1.0;
				PRODUCT_BUNDLE_IDENTIFIER = "CarolLyu.TuneZone-AppTests";
				PRODUCT_NAME = "$(TARGET_NAME)";
				SWIFT_EMIT_LOC_STRINGS = NO;
				SWIFT_VERSION = 5.0;
				TARGETED_DEVICE_FAMILY = "1,2";
				TEST_HOST = "$(BUILT_PRODUCTS_DIR)/TuneZone App.app/TuneZone App";
			};
			name = Release;
		};
		4132CD772858F8D1006D2609 /* Debug */ = {
			isa = XCBuildConfiguration;
			buildSettings = {
				ALWAYS_EMBED_SWIFT_STANDARD_LIBRARIES = YES;
				CODE_SIGN_STYLE = Automatic;
				CURRENT_PROJECT_VERSION = 1;
				GENERATE_INFOPLIST_FILE = YES;
				MARKETING_VERSION = 1.0;
				PRODUCT_BUNDLE_IDENTIFIER = "CarolLyu.TuneZone-AppUITests";
				PRODUCT_NAME = "$(TARGET_NAME)";
				SWIFT_EMIT_LOC_STRINGS = NO;
				SWIFT_VERSION = 5.0;
				TARGETED_DEVICE_FAMILY = "1,2";
				TEST_TARGET_NAME = "TuneZone App";
			};
			name = Debug;
		};
		4132CD782858F8D1006D2609 /* Release */ = {
			isa = XCBuildConfiguration;
			buildSettings = {
				ALWAYS_EMBED_SWIFT_STANDARD_LIBRARIES = YES;
				CODE_SIGN_STYLE = Automatic;
				CURRENT_PROJECT_VERSION = 1;
				GENERATE_INFOPLIST_FILE = YES;
				MARKETING_VERSION = 1.0;
				PRODUCT_BUNDLE_IDENTIFIER = "CarolLyu.TuneZone-AppUITests";
				PRODUCT_NAME = "$(TARGET_NAME)";
				SWIFT_EMIT_LOC_STRINGS = NO;
				SWIFT_VERSION = 5.0;
				TARGETED_DEVICE_FAMILY = "1,2";
				TEST_TARGET_NAME = "TuneZone App";
			};
			name = Release;
		};
/* End XCBuildConfiguration section */

/* Begin XCConfigurationList section */
		4132CD3E2858F8CE006D2609 /* Build configuration list for PBXProject "TuneZone App" */ = {
			isa = XCConfigurationList;
			buildConfigurations = (
				4132CD6E2858F8D1006D2609 /* Debug */,
				4132CD6F2858F8D1006D2609 /* Release */,
			);
			defaultConfigurationIsVisible = 0;
			defaultConfigurationName = Release;
		};
		4132CD702858F8D1006D2609 /* Build configuration list for PBXNativeTarget "TuneZone App" */ = {
			isa = XCConfigurationList;
			buildConfigurations = (
				4132CD712858F8D1006D2609 /* Debug */,
				4132CD722858F8D1006D2609 /* Release */,
			);
			defaultConfigurationIsVisible = 0;
			defaultConfigurationName = Release;
		};
		4132CD732858F8D1006D2609 /* Build configuration list for PBXNativeTarget "TuneZone AppTests" */ = {
			isa = XCConfigurationList;
			buildConfigurations = (
				4132CD742858F8D1006D2609 /* Debug */,
				4132CD752858F8D1006D2609 /* Release */,
			);
			defaultConfigurationIsVisible = 0;
			defaultConfigurationName = Release;
		};
		4132CD762858F8D1006D2609 /* Build configuration list for PBXNativeTarget "TuneZone AppUITests" */ = {
			isa = XCConfigurationList;
			buildConfigurations = (
				4132CD772858F8D1006D2609 /* Debug */,
				4132CD782858F8D1006D2609 /* Release */,
			);
			defaultConfigurationIsVisible = 0;
			defaultConfigurationName = Release;
		};
/* End XCConfigurationList section */

/* Begin XCVersionGroup section */
		4132CD4F2858F8CE006D2609 /* TuneZone_App.xcdatamodeld */ = {
			isa = XCVersionGroup;
			children = (
				4132CD502858F8CE006D2609 /* TuneZone_App.xcdatamodel */,
			);
			currentVersion = 4132CD502858F8CE006D2609 /* TuneZone_App.xcdatamodel */;
			path = TuneZone_App.xcdatamodeld;
			sourceTree = "<group>";
			versionGroupType = wrapper.xcdatamodel;
		};
/* End XCVersionGroup section */
	};
	rootObject = 4132CD3B2858F8CE006D2609 /* Project object */;
}
